
Microsoft Visual Studio Solution File, Format Version 12.00
# Visual Studio Version 17
VisualStudioVersion = 17.14.37502.11
MinimumVisualStudioVersion = 10.0.40219.1
Project("{FAE04EC0-301F-11D3-BF4B-00C04F79EFBC}") = "PROG7312POE.Tests", "PROG7312POE.Tests\PROG7312POE.Tests.csproj", "{7E67420D-7F30-453E-8E94-7ECB632DE60F}"
EndProject
Project("{FAE04EC0-301F-11D3-BF4B-00C04F79EFBC}") = "PROG7312POE.Client", "PROG7312POE.Client\PROG7312POE.Client.csproj", "{51EB0045-AC0F-473E-9EC5-E25539C31AC5}"
EndProject
Project("{FAE04EC0-301F-11D3-BF4B-00C04F79EFBC}") = "PROG7312POE.Core", "PROG7312POE.Core\PROG7312POE.Core.csproj", "{9067DE18-329A-46CB-93C8-98028D45DD75}"
EndProject
Project("{FAE04EC0-301F-11D3-BF4B-00C04F79EFBC}") = "PROG7312POE.Api", "PROG7312POE.Api\PROG7312POE.Api.csproj", "{B3CCB2F9-8896-45FF-9D7C-25B8ED926B33}"
EndProject
Global
	GlobalSection(SolutionConfigurationPlatforms) = preSolution
		Debug|Any CPU = Debug|Any CPU
		Debug|x64 = Debug|x64
		Debug|x86 = Debug|x86
		Release|Any CPU = Release|Any CPU
		Release|x64 = Release|x64
		Release|x86 = Release|x86
	EndGlobalSection
	GlobalSection(ProjectConfigurationPlatforms) = postSolution
		{7E67420D-7F30-453E-8E94-7ECB632DE60F}.Debug|Any CPU.ActiveCfg = Debug|Any CPU
		{7E67420D-7F30-453E-8E94-7ECB632DE60F}.Debug|Any CPU.Build.0 = Debug|Any CPU
		{7E67420D-7F30-453E-8E94-7ECB632DE60F}.Debug|x64.ActiveCfg = Debug|Any CPU
		{7E67420D-7F30-453E-8E94-7ECB632DE60F}.Debug|x64.Build.0 = Debug|Any CPU
		{7E67420D-7F30-453E-8E94-7ECB632DE60F}.Debug|x86.ActiveCfg = Debug|Any CPU
		{7E67420D-7F30-453E-8E94-7ECB632DE60F}.Debug|x86.Build.0 = Debug|Any CPU
		{7E67420D-7F30-453E-8E94-7ECB632DE60F}.Release|Any CPU.ActiveCfg = Release|Any CPU
		{7E67420D-7F30-453E-8E94-7ECB632DE60F}.Release|Any CPU.Build.0 = Release|Any CPU
		{7E67420D-7F30-453E-8E94-7ECB632DE60F}.Release|x64.ActiveCfg = Release|Any CPU
		{7E67420D-7F30-453E-8E94-7ECB632DE60F}.Release|x64.Build.0 = Release|Any CPU
		{7E67420D-7F30-453E-8E94-7ECB632DE60F}.Release|x86.ActiveCfg = Release|Any CPU
		{7E67420D-7F30-453E-8E94-7ECB632DE60F}.Release|x86.Build.0 = Release|Any CPU
		{51EB0045-AC0F-473E-9EC5-E25539C31AC5}.Debug|Any CPU.ActiveCfg = Debug|Any CPU
		{51EB0045-AC0F-473E-9EC5-E25539C31AC5}.Debug|Any CPU.Build.0 = Debug|Any CPU
		{51EB0045-AC0F-473E-9EC5-E25539C31AC5}.Debug|x64.ActiveCfg = Debug|Any CPU
		{51EB0045-AC0F-473E-9EC5-E25539C31AC5}.Debug|x64.Build.0 = Debug|Any CPU
		{51EB0045-AC0F-473E-9EC5-E25539C31AC5}.Debug|x86.ActiveCfg = Debug|Any CPU
		{51EB0045-AC0F-473E-9EC5-E25539C31AC5}.Debug|x86.Build.0 = Debug|Any CPU
		{51EB0045-AC0F-473E-9EC5-E25539C31AC5}.Release|Any CPU.ActiveCfg = Release|Any CPU
		{51EB0045-AC0F-473E-9EC5-E25539C31AC5}.Release|Any CPU.Build.0 = Release|Any CPU
		{51EB0045-AC0F-473E-9EC5-E25539C31AC5}.Release|x64.ActiveCfg = Release|Any CPU
		{51EB0045-AC0F-473E-9EC5-E25539C31AC5}.Release|x64.Build.0 = Release|Any CPU
		{51EB0045-AC0F-473E-9EC5-E25539C31AC5}.Release|x86.ActiveCfg = Release|Any CPU
		{51EB0045-AC0F-473E-9EC5-E25539C31AC5}.Release|x86.Build.0 = Release|Any CPU
		{9067DE18-329A-46CB-93C8-98028D45DD75}.Debug|Any CPU.ActiveCfg = Debug|Any CPU
		{9067DE18-329A-46CB-93C8-98028D45DD75}.Debug|Any CPU.Build.0 = Debug|Any CPU
		{9067DE18-329A-46CB-93C8-98028D45DD75}.Debug|x64.ActiveCfg = Debug|Any CPU
		{9067DE18-329A-46CB-93C8-98028D45DD75}.Debug|x64.Build.0 = Debug|Any CPU
		{9067DE18-329A-46CB-93C8-98028D45DD75}.Debug|x86.ActiveCfg = Debug|Any CPU
		{9067DE18-329A-46CB-93C8-98028D45DD75}.Debug|x86.Build.0 = Debug|Any CPU
		{9067DE18-329A-46CB-93C8-98028D45DD75}.Release|Any CPU.ActiveCfg = Release|Any CPU
		{9067DE18-329A-46CB-93C8-98028D45DD75}.Release|Any CPU.Build.0 = Release|Any CPU
		{9067DE18-329A-46CB-93C8-98028D45DD75}.Release|x64.ActiveCfg = Release|Any CPU
		{9067DE18-329A-46CB-93C8-98028D45DD75}.Release|x64.Build.0 = Release|Any CPU
		{9067DE18-329A-46CB-93C8-98028D45DD75}.Release|x86.ActiveCfg = Release|Any CPU
		{9067DE18-329A-46CB-93C8-98028D45DD75}.Release|x86.Build.0 = Release|Any CPU
		{B3CCB2F9-8896-45FF-9D7C-25B8ED926B33}.Debug|Any CPU.ActiveCfg = Debug|Any CPU
		{B3CCB2F9-8896-45FF-9D7C-25B8ED926B33}.Debug|Any CPU.Build.0 = Debug|Any CPU
		{B3CCB2F9-8896-45FF-9D7C-25B8ED926B33}.Debug|x64.ActiveCfg = Debug|Any CPU
		{B3CCB2F9-8896-45FF-9D7C-25B8ED926B33}.Debug|x64.Build.0 = Debug|Any CPU
		{B3CCB2F9-8896-45FF-9D7C-25B8ED926B33}.Debug|x86.ActiveCfg = Debug|Any CPU
		{B3CCB2F9-8896-45FF-9D7C-25B8ED926B33}.Debug|x86.Build.0 = Debug|Any CPU
		{B3CCB2F9-8896-45FF-9D7C-25B8ED926B33}.Release|Any CPU.ActiveCfg = Release|Any CPU
		{B3CCB2F9-8896-45FF-9D7C-25B8ED926B33}.Release|Any CPU.Build.0 = Release|Any CPU
		{B3CCB2F9-8896-45FF-9D7C-25B8ED926B33}.Release|x64.ActiveCfg = Release|Any CPU
		{B3CCB2F9-8896-45FF-9D7C-25B8ED926B33}.Release|x64.Build.0 = Release|Any CPU
		{B3CCB2F9-8896-45FF-9D7C-25B8ED926B33}.Release|x86.ActiveCfg = Release|Any CPU
		{B3CCB2F9-8896-45FF-9D7C-25B8ED926B33}.Release|x86.Build.0 = Release|Any CPU
	EndGlobalSection
	GlobalSection(SolutionProperties) = preSolution
		HideSolutionNode = FALSE
	EndGlobalSection
	GlobalSection(ExtensibilityGlobals) = postSolution
		SolutionGuid = {6173718D-A148-4952-B66B-913D2107BF59}
	EndGlobalSection
EndGlobal
